
Microsoft Visual Studio Solution File, Format Version 12.00
# Visual Studio 15
VisualStudioVersion = 15.0.28307.539
MinimumVisualStudioVersion = 10.0.40219.1
Project("{FAE04EC0-301F-11D3-BF4B-00C04F79EFBC}") = "Product_entity", "Product_entity\Product_entity.csproj", "{9EDAD30B-0F17-44BB-8BAA-F6B4C92AA861}"
EndProject
Project("{FAE04EC0-301F-11D3-BF4B-00C04F79EFBC}") = "Product_Exception", "Product_Exception\Product_Exception.csproj", "{10673449-AB4E-4DEE-9A4C-0F17B56B924D}"
EndProject
Project("{FAE04EC0-301F-11D3-BF4B-00C04F79EFBC}") = "Product_DAL", "Product_DAL\Product_DAL.csproj", "{B4AFC2B0-8806-477A-8582-73F002A0EBBE}"
EndProject
Project("{FAE04EC0-301F-11D3-BF4B-00C04F79EFBC}") = "Product_BAL", "Product_BAL\Product_BAL.csproj", "{6DED23D5-EA0F-4E99-87A6-465DC72DA0DF}"
EndProject
Project("{FAE04EC0-301F-11D3-BF4B-00C04F79EFBC}") = "Pushpanjali_177933_SetA", "WpfApp1\Pushpanjali_177933_SetA.csproj", "{1837944D-6546-413A-9E5F-CB4DD98119EA}"
EndProject
Global
	GlobalSection(SolutionConfigurationPlatforms) = preSolution
		Debug|Any CPU = Debug|Any CPU
		Release|Any CPU = Release|Any CPU
	EndGlobalSection
	GlobalSection(ProjectConfigurationPlatforms) = postSolution
		{9EDAD30B-0F17-44BB-8BAA-F6B4C92AA861}.Debug|Any CPU.ActiveCfg = Debug|Any CPU
		{9EDAD30B-0F17-44BB-8BAA-F6B4C92AA861}.Debug|Any CPU.Build.0 = Debug|Any CPU
		{9EDAD30B-0F17-44BB-8BAA-F6B4C92AA861}.Release|Any CPU.ActiveCfg = Release|Any CPU
		{9EDAD30B-0F17-44BB-8BAA-F6B4C92AA861}.Release|Any CPU.Build.0 = Release|Any CPU
		{10673449-AB4E-4DEE-9A4C-0F17B56B924D}.Debug|Any CPU.ActiveCfg = Debug|Any CPU
		{10673449-AB4E-4DEE-9A4C-0F17B56B924D}.Debug|Any CPU.Build.0 = Debug|Any CPU
		{10673449-AB4E-4DEE-9A4C-0F17B56B924D}.Release|Any CPU.ActiveCfg = Release|Any CPU
		{10673449-AB4E-4DEE-9A4C-0F17B56B924D}.Release|Any CPU.Build.0 = Release|Any CPU
		{B4AFC2B0-8806-477A-8582-73F002A0EBBE}.Debug|Any CPU.ActiveCfg = Debug|Any CPU
		{B4AFC2B0-8806-477A-8582-73F002A0EBBE}.Debug|Any CPU.Build.0 = Debug|Any CPU
		{B4AFC2B0-8806-477A-8582-73F002A0EBBE}.Release|Any CPU.ActiveCfg = Release|Any CPU
		{B4AFC2B0-8806-477A-8582-73F002A0EBBE}.Release|Any CPU.Build.0 = Release|Any CPU
		{6DED23D5-EA0F-4E99-87A6-465DC72DA0DF}.Debug|Any CPU.ActiveCfg = Debug|Any CPU
		{6DED23D5-EA0F-4E99-87A6-465DC72DA0DF}.Debug|Any CPU.Build.0 = Debug|Any CPU
		{6DED23D5-EA0F-4E99-87A6-465DC72DA0DF}.Release|Any CPU.ActiveCfg = Release|Any CPU
		{6DED23D5-EA0F-4E99-87A6-465DC72DA0DF}.Release|Any CPU.Build.0 = Release|Any CPU
		{1837944D-6546-413A-9E5F-CB4DD98119EA}.Debug|Any CPU.ActiveCfg = Debug|Any CPU
		{1837944D-6546-413A-9E5F-CB4DD98119EA}.Debug|Any CPU.Build.0 = Debug|Any CPU
		{1837944D-6546-413A-9E5F-CB4DD98119EA}.Release|Any CPU.ActiveCfg = Release|Any CPU
		{1837944D-6546-413A-9E5F-CB4DD98119EA}.Release|Any CPU.Build.0 = Release|Any CPU
	EndGlobalSection
	GlobalSection(SolutionProperties) = preSolution
		HideSolutionNode = FALSE
	EndGlobalSection
	GlobalSection(ExtensibilityGlobals) = postSolution
		SolutionGuid = {01A70099-FE20-48B4-A5F8-0FFADBA972F5}
	EndGlobalSection
EndGlobal
